// !$*UTF8*$!
{
	archiveVersion = 1;
	classes = {
	};
	objectVersion = 51;
	objects = {

/* Begin PBXBuildFile section */
		0E0EC7B525C718F600334C73 /* Home.storyboard in Resources */ = {isa = PBXBuildFile; fileRef = 0E0EC7B425C718F600334C73 /* Home.storyboard */; };
		0E0EC7BD25C7328900334C73 /* Categories.storyboard in Resources */ = {isa = PBXBuildFile; fileRef = 0E0EC7BC25C7328900334C73 /* Categories.storyboard */; };
		45BD9E8992B76DC652003089 /* Pods_DCHub_DCHubUITests.framework in Frameworks */ = {isa = PBXBuildFile; fileRef = 8DD8D725F8D7716B53DED6FB /* Pods_DCHub_DCHubUITests.framework */; };
		6D15518D1751DCB4D1CF040A /* Pods_DCHubTests.framework in Frameworks */ = {isa = PBXBuildFile; fileRef = D229559773217FEEBAA9E924 /* Pods_DCHubTests.framework */; };
		764B19E70249F32802DFE6AB /* Pods_DCHub.framework in Frameworks */ = {isa = PBXBuildFile; fileRef = 1A2C7BF75C3B88A2A8A53EB2 /* Pods_DCHub.framework */; };
		F130D21D25C05BB8003246E9 /* CategoriesViewController.swift in Sources */ = {isa = PBXBuildFile; fileRef = F130D21C25C05BB8003246E9 /* CategoriesViewController.swift */; };
		F130D22225C05BD9003246E9 /* HomePageViewController.swift in Sources */ = {isa = PBXBuildFile; fileRef = F130D22125C05BD9003246E9 /* HomePageViewController.swift */; };
		F130D22725C05BF5003246E9 /* LocalPicksViewController.swift in Sources */ = {isa = PBXBuildFile; fileRef = F130D22625C05BF5003246E9 /* LocalPicksViewController.swift */; };
		F130D22C25C05C18003246E9 /* OurPicksViewController.swift in Sources */ = {isa = PBXBuildFile; fileRef = F130D22B25C05C18003246E9 /* OurPicksViewController.swift */; };
		F130D23125C05C73003246E9 /* ProfileViewController.swift in Sources */ = {isa = PBXBuildFile; fileRef = F130D23025C05C73003246E9 /* ProfileViewController.swift */; };
		F15A6B8625C0445D00DD2558 /* AppDelegate.swift in Sources */ = {isa = PBXBuildFile; fileRef = F15A6B8525C0445D00DD2558 /* AppDelegate.swift */; };
		F15A6B8825C0445D00DD2558 /* SceneDelegate.swift in Sources */ = {isa = PBXBuildFile; fileRef = F15A6B8725C0445D00DD2558 /* SceneDelegate.swift */; };
		F15A6B8D25C0445D00DD2558 /* Main.storyboard in Resources */ = {isa = PBXBuildFile; fileRef = F15A6B8B25C0445D00DD2558 /* Main.storyboard */; };
		F15A6B9025C0445D00DD2558 /* DCHub.xcdatamodeld in Sources */ = {isa = PBXBuildFile; fileRef = F15A6B8E25C0445D00DD2558 /* DCHub.xcdatamodeld */; };
		F15A6B9225C0445E00DD2558 /* Assets.xcassets in Resources */ = {isa = PBXBuildFile; fileRef = F15A6B9125C0445E00DD2558 /* Assets.xcassets */; };
		F15A6B9525C0445E00DD2558 /* LaunchScreen.storyboard in Resources */ = {isa = PBXBuildFile; fileRef = F15A6B9325C0445E00DD2558 /* LaunchScreen.storyboard */; };
		F15A6BA025C0445E00DD2558 /* DCHubTests.swift in Sources */ = {isa = PBXBuildFile; fileRef = F15A6B9F25C0445E00DD2558 /* DCHubTests.swift */; };
		F15A6BAB25C0445E00DD2558 /* DCHubUITests.swift in Sources */ = {isa = PBXBuildFile; fileRef = F15A6BAA25C0445E00DD2558 /* DCHubUITests.swift */; };
		F175429E25C7FC94007AB864 /* Profile.storyboard in Resources */ = {isa = PBXBuildFile; fileRef = F175429D25C7FC94007AB864 /* Profile.storyboard */; };
/* End PBXBuildFile section */

/* Begin PBXContainerItemProxy section */
		F15A6B9C25C0445E00DD2558 /* PBXContainerItemProxy */ = {
			isa = PBXContainerItemProxy;
			containerPortal = F15A6B7A25C0445D00DD2558 /* Project object */;
			proxyType = 1;
			remoteGlobalIDString = F15A6B8125C0445D00DD2558;
			remoteInfo = DCHub;
		};
		F15A6BA725C0445E00DD2558 /* PBXContainerItemProxy */ = {
			isa = PBXContainerItemProxy;
			containerPortal = F15A6B7A25C0445D00DD2558 /* Project object */;
			proxyType = 1;
			remoteGlobalIDString = F15A6B8125C0445D00DD2558;
			remoteInfo = DCHub;
		};
/* End PBXContainerItemProxy section */

/* Begin PBXFileReference section */
		028C1AECB1CCCAF6772C9A72 /* Pods-DCHubTests.debug.xcconfig */ = {isa = PBXFileReference; includeInIndex = 1; lastKnownFileType = text.xcconfig; name = "Pods-DCHubTests.debug.xcconfig"; path = "Target Support Files/Pods-DCHubTests/Pods-DCHubTests.debug.xcconfig"; sourceTree = "<group>"; };
		0E0EC7B425C718F600334C73 /* Home.storyboard */ = {isa = PBXFileReference; lastKnownFileType = file.storyboard; path = Home.storyboard; sourceTree = "<group>"; };
		0E0EC7BC25C7328900334C73 /* Categories.storyboard */ = {isa = PBXFileReference; lastKnownFileType = file.storyboard; path = Categories.storyboard; sourceTree = "<group>"; };
		18A46F945D6B95F5B3336C69 /* Pods-DCHubTests.release.xcconfig */ = {isa = PBXFileReference; includeInIndex = 1; lastKnownFileType = text.xcconfig; name = "Pods-DCHubTests.release.xcconfig"; path = "Target Support Files/Pods-DCHubTests/Pods-DCHubTests.release.xcconfig"; sourceTree = "<group>"; };
		1A2C7BF75C3B88A2A8A53EB2 /* Pods_DCHub.framework */ = {isa = PBXFileReference; explicitFileType = wrapper.framework; includeInIndex = 0; path = Pods_DCHub.framework; sourceTree = BUILT_PRODUCTS_DIR; };
		3C9DFB0C6A80CD9B4E77BC8D /* Pods-DCHub.debug.xcconfig */ = {isa = PBXFileReference; includeInIndex = 1; lastKnownFileType = text.xcconfig; name = "Pods-DCHub.debug.xcconfig"; path = "Target Support Files/Pods-DCHub/Pods-DCHub.debug.xcconfig"; sourceTree = "<group>"; };
		4FAA31432B2635B8C84D41F9 /* Pods-DCHub-DCHubUITests.debug.xcconfig */ = {isa = PBXFileReference; includeInIndex = 1; lastKnownFileType = text.xcconfig; name = "Pods-DCHub-DCHubUITests.debug.xcconfig"; path = "Target Support Files/Pods-DCHub-DCHubUITests/Pods-DCHub-DCHubUITests.debug.xcconfig"; sourceTree = "<group>"; };
		8DD8D725F8D7716B53DED6FB /* Pods_DCHub_DCHubUITests.framework */ = {isa = PBXFileReference; explicitFileType = wrapper.framework; includeInIndex = 0; path = Pods_DCHub_DCHubUITests.framework; sourceTree = BUILT_PRODUCTS_DIR; };
		972DC6AF114F3D23D9B2E884 /* Pods-DCHub-DCHubUITests.release.xcconfig */ = {isa = PBXFileReference; includeInIndex = 1; lastKnownFileType = text.xcconfig; name = "Pods-DCHub-DCHubUITests.release.xcconfig"; path = "Target Support Files/Pods-DCHub-DCHubUITests/Pods-DCHub-DCHubUITests.release.xcconfig"; sourceTree = "<group>"; };
		D229559773217FEEBAA9E924 /* Pods_DCHubTests.framework */ = {isa = PBXFileReference; explicitFileType = wrapper.framework; includeInIndex = 0; path = Pods_DCHubTests.framework; sourceTree = BUILT_PRODUCTS_DIR; };
		DA3CD621FBE838B25CE038B3 /* Pods-DCHub.release.xcconfig */ = {isa = PBXFileReference; includeInIndex = 1; lastKnownFileType = text.xcconfig; name = "Pods-DCHub.release.xcconfig"; path = "Target Support Files/Pods-DCHub/Pods-DCHub.release.xcconfig"; sourceTree = "<group>"; };
		F130D21C25C05BB8003246E9 /* CategoriesViewController.swift */ = {isa = PBXFileReference; lastKnownFileType = sourcecode.swift; path = CategoriesViewController.swift; sourceTree = "<group>"; };
		F130D22125C05BD9003246E9 /* HomePageViewController.swift */ = {isa = PBXFileReference; lastKnownFileType = sourcecode.swift; path = HomePageViewController.swift; sourceTree = "<group>"; };
		F130D22625C05BF5003246E9 /* LocalPicksViewController.swift */ = {isa = PBXFileReference; lastKnownFileType = sourcecode.swift; path = LocalPicksViewController.swift; sourceTree = "<group>"; };
		F130D22B25C05C18003246E9 /* OurPicksViewController.swift */ = {isa = PBXFileReference; lastKnownFileType = sourcecode.swift; path = OurPicksViewController.swift; sourceTree = "<group>"; };
		F130D23025C05C73003246E9 /* ProfileViewController.swift */ = {isa = PBXFileReference; lastKnownFileType = sourcecode.swift; path = ProfileViewController.swift; sourceTree = "<group>"; };
		F15A6B8225C0445D00DD2558 /* DCHub.app */ = {isa = PBXFileReference; explicitFileType = wrapper.application; includeInIndex = 0; path = DCHub.app; sourceTree = BUILT_PRODUCTS_DIR; };
		F15A6B8525C0445D00DD2558 /* AppDelegate.swift */ = {isa = PBXFileReference; lastKnownFileType = sourcecode.swift; path = AppDelegate.swift; sourceTree = "<group>"; };
		F15A6B8725C0445D00DD2558 /* SceneDelegate.swift */ = {isa = PBXFileReference; lastKnownFileType = sourcecode.swift; path = SceneDelegate.swift; sourceTree = "<group>"; };
		F15A6B8C25C0445D00DD2558 /* Base */ = {isa = PBXFileReference; lastKnownFileType = file.storyboard; name = Base; path = Base.lproj/Main.storyboard; sourceTree = "<group>"; };
		F15A6B8F25C0445D00DD2558 /* DCHub.xcdatamodel */ = {isa = PBXFileReference; lastKnownFileType = wrapper.xcdatamodel; path = DCHub.xcdatamodel; sourceTree = "<group>"; };
		F15A6B9125C0445E00DD2558 /* Assets.xcassets */ = {isa = PBXFileReference; lastKnownFileType = folder.assetcatalog; path = Assets.xcassets; sourceTree = "<group>"; };
		F15A6B9425C0445E00DD2558 /* Base */ = {isa = PBXFileReference; lastKnownFileType = file.storyboard; name = Base; path = Base.lproj/LaunchScreen.storyboard; sourceTree = "<group>"; };
		F15A6B9625C0445E00DD2558 /* Info.plist */ = {isa = PBXFileReference; lastKnownFileType = text.plist.xml; path = Info.plist; sourceTree = "<group>"; };
		F15A6B9B25C0445E00DD2558 /* DCHubTests.xctest */ = {isa = PBXFileReference; explicitFileType = wrapper.cfbundle; includeInIndex = 0; path = DCHubTests.xctest; sourceTree = BUILT_PRODUCTS_DIR; };
		F15A6B9F25C0445E00DD2558 /* DCHubTests.swift */ = {isa = PBXFileReference; lastKnownFileType = sourcecode.swift; path = DCHubTests.swift; sourceTree = "<group>"; };
		F15A6BA125C0445E00DD2558 /* Info.plist */ = {isa = PBXFileReference; lastKnownFileType = text.plist.xml; path = Info.plist; sourceTree = "<group>"; };
		F15A6BA625C0445E00DD2558 /* DCHubUITests.xctest */ = {isa = PBXFileReference; explicitFileType = wrapper.cfbundle; includeInIndex = 0; path = DCHubUITests.xctest; sourceTree = BUILT_PRODUCTS_DIR; };
		F15A6BAA25C0445E00DD2558 /* DCHubUITests.swift */ = {isa = PBXFileReference; lastKnownFileType = sourcecode.swift; path = DCHubUITests.swift; sourceTree = "<group>"; };
		F15A6BAC25C0445E00DD2558 /* Info.plist */ = {isa = PBXFileReference; lastKnownFileType = text.plist.xml; path = Info.plist; sourceTree = "<group>"; };
		F175429D25C7FC94007AB864 /* Profile.storyboard */ = {isa = PBXFileReference; lastKnownFileType = file.storyboard; path = Profile.storyboard; sourceTree = "<group>"; };
/* End PBXFileReference section */

/* Begin PBXFrameworksBuildPhase section */
		F15A6B7F25C0445D00DD2558 /* Frameworks */ = {
			isa = PBXFrameworksBuildPhase;
			buildActionMask = 2147483647;
			files = (
				764B19E70249F32802DFE6AB /* Pods_DCHub.framework in Frameworks */,
			);
			runOnlyForDeploymentPostprocessing = 0;
		};
		F15A6B9825C0445E00DD2558 /* Frameworks */ = {
			isa = PBXFrameworksBuildPhase;
			buildActionMask = 2147483647;
			files = (
				6D15518D1751DCB4D1CF040A /* Pods_DCHubTests.framework in Frameworks */,
			);
			runOnlyForDeploymentPostprocessing = 0;
		};
		F15A6BA325C0445E00DD2558 /* Frameworks */ = {
			isa = PBXFrameworksBuildPhase;
			buildActionMask = 2147483647;
			files = (
				45BD9E8992B76DC652003089 /* Pods_DCHub_DCHubUITests.framework in Frameworks */,
			);
			runOnlyForDeploymentPostprocessing = 0;
		};
/* End PBXFrameworksBuildPhase section */

/* Begin PBXGroup section */
		D8BB27260C4BF2B061DFD45C /* Pods */ = {
			isa = PBXGroup;
			children = (
				3C9DFB0C6A80CD9B4E77BC8D /* Pods-DCHub.debug.xcconfig */,
				DA3CD621FBE838B25CE038B3 /* Pods-DCHub.release.xcconfig */,
				4FAA31432B2635B8C84D41F9 /* Pods-DCHub-DCHubUITests.debug.xcconfig */,
				972DC6AF114F3D23D9B2E884 /* Pods-DCHub-DCHubUITests.release.xcconfig */,
				028C1AECB1CCCAF6772C9A72 /* Pods-DCHubTests.debug.xcconfig */,
				18A46F945D6B95F5B3336C69 /* Pods-DCHubTests.release.xcconfig */,
			);
			path = Pods;
			sourceTree = "<group>";
		};
		F130D20325C05924003246E9 /* UI Controllers */ = {
			isa = PBXGroup;
			children = (
				F130D21C25C05BB8003246E9 /* CategoriesViewController.swift */,
				F130D22125C05BD9003246E9 /* HomePageViewController.swift */,
				F130D22625C05BF5003246E9 /* LocalPicksViewController.swift */,
				F130D22B25C05C18003246E9 /* OurPicksViewController.swift */,
				F130D23025C05C73003246E9 /* ProfileViewController.swift */,
			);
			path = "UI Controllers";
			sourceTree = "<group>";
		};
		F15A6B7925C0445D00DD2558 = {
			isa = PBXGroup;
			children = (
				F15A6B8425C0445D00DD2558 /* DCHub */,
				F15A6B9E25C0445E00DD2558 /* DCHubTests */,
				F15A6BA925C0445E00DD2558 /* DCHubUITests */,
				F15A6B8325C0445D00DD2558 /* Products */,
				D8BB27260C4BF2B061DFD45C /* Pods */,
				F35322FE72AD13930DCE670E /* Frameworks */,
			);
			sourceTree = "<group>";
		};
		F15A6B8325C0445D00DD2558 /* Products */ = {
			isa = PBXGroup;
			children = (
				F15A6B8225C0445D00DD2558 /* DCHub.app */,
				F15A6B9B25C0445E00DD2558 /* DCHubTests.xctest */,
				F15A6BA625C0445E00DD2558 /* DCHubUITests.xctest */,
			);
			name = Products;
			sourceTree = "<group>";
		};
		F15A6B8425C0445D00DD2558 /* DCHub */ = {
			isa = PBXGroup;
			children = (
				F175429125C7FC20007AB864 /* Storyboards */,
				F130D20325C05924003246E9 /* UI Controllers */,
				F15A6B8525C0445D00DD2558 /* AppDelegate.swift */,
				F15A6B8725C0445D00DD2558 /* SceneDelegate.swift */,
				F15A6B9125C0445E00DD2558 /* Assets.xcassets */,
				F15A6B9625C0445E00DD2558 /* Info.plist */,
				F15A6B8E25C0445D00DD2558 /* DCHub.xcdatamodeld */,
			);
			path = DCHub;
			sourceTree = "<group>";
		};
		F15A6B9E25C0445E00DD2558 /* DCHubTests */ = {
			isa = PBXGroup;
			children = (
				F15A6B9F25C0445E00DD2558 /* DCHubTests.swift */,
				F15A6BA125C0445E00DD2558 /* Info.plist */,
			);
			path = DCHubTests;
			sourceTree = "<group>";
		};
		F15A6BA925C0445E00DD2558 /* DCHubUITests */ = {
			isa = PBXGroup;
			children = (
				F15A6BAA25C0445E00DD2558 /* DCHubUITests.swift */,
				F15A6BAC25C0445E00DD2558 /* Info.plist */,
			);
			path = DCHubUITests;
			sourceTree = "<group>";
		};
		F175429125C7FC20007AB864 /* Storyboards */ = {
			isa = PBXGroup;
			children = (
				F15A6B8B25C0445D00DD2558 /* Main.storyboard */,
				0E0EC7B425C718F600334C73 /* Home.storyboard */,
				0E0EC7BC25C7328900334C73 /* Categories.storyboard */,
				F15A6B9325C0445E00DD2558 /* LaunchScreen.storyboard */,
				F175429D25C7FC94007AB864 /* Profile.storyboard */,
			);
			path = Storyboards;
			sourceTree = "<group>";
		};
		F35322FE72AD13930DCE670E /* Frameworks */ = {
			isa = PBXGroup;
			children = (
				1A2C7BF75C3B88A2A8A53EB2 /* Pods_DCHub.framework */,
				8DD8D725F8D7716B53DED6FB /* Pods_DCHub_DCHubUITests.framework */,
				D229559773217FEEBAA9E924 /* Pods_DCHubTests.framework */,
			);
			name = Frameworks;
			sourceTree = "<group>";
		};
/* End PBXGroup section */

/* Begin PBXNativeTarget section */
		F15A6B8125C0445D00DD2558 /* DCHub */ = {
			isa = PBXNativeTarget;
			buildConfigurationList = F15A6BAF25C0445E00DD2558 /* Build configuration list for PBXNativeTarget "DCHub" */;
			buildPhases = (
				B9767FB9A4053371E80D09C3 /* [CP] Check Pods Manifest.lock */,
				F15A6B7E25C0445D00DD2558 /* Sources */,
				F15A6B7F25C0445D00DD2558 /* Frameworks */,
				F15A6B8025C0445D00DD2558 /* Resources */,
				A9527B2F2DD48567E4ED922F /* [CP] Embed Pods Frameworks */,
			);
			buildRules = (
			);
			dependencies = (
			);
			name = DCHub;
			productName = DCHub;
			productReference = F15A6B8225C0445D00DD2558 /* DCHub.app */;
			productType = "com.apple.product-type.application";
		};
		F15A6B9A25C0445E00DD2558 /* DCHubTests */ = {
			isa = PBXNativeTarget;
			buildConfigurationList = F15A6BB225C0445E00DD2558 /* Build configuration list for PBXNativeTarget "DCHubTests" */;
			buildPhases = (
				872B64C6546A5EFE31E6FD11 /* [CP] Check Pods Manifest.lock */,
				F15A6B9725C0445E00DD2558 /* Sources */,
				F15A6B9825C0445E00DD2558 /* Frameworks */,
				F15A6B9925C0445E00DD2558 /* Resources */,
			);
			buildRules = (
			);
			dependencies = (
				F15A6B9D25C0445E00DD2558 /* PBXTargetDependency */,
			);
			name = DCHubTests;
			productName = DCHubTests;
			productReference = F15A6B9B25C0445E00DD2558 /* DCHubTests.xctest */;
			productType = "com.apple.product-type.bundle.unit-test";
		};
		F15A6BA525C0445E00DD2558 /* DCHubUITests */ = {
			isa = PBXNativeTarget;
			buildConfigurationList = F15A6BB525C0445E00DD2558 /* Build configuration list for PBXNativeTarget "DCHubUITests" */;
			buildPhases = (
				00D9B63AE739800508B03050 /* [CP] Check Pods Manifest.lock */,
				F15A6BA225C0445E00DD2558 /* Sources */,
				F15A6BA325C0445E00DD2558 /* Frameworks */,
				F15A6BA425C0445E00DD2558 /* Resources */,
				049D4518D8920DD53C7DA120 /* [CP] Embed Pods Frameworks */,
			);
			buildRules = (
			);
			dependencies = (
				F15A6BA825C0445E00DD2558 /* PBXTargetDependency */,
			);
			name = DCHubUITests;
			productName = DCHubUITests;
			productReference = F15A6BA625C0445E00DD2558 /* DCHubUITests.xctest */;
			productType = "com.apple.product-type.bundle.ui-testing";
		};
/* End PBXNativeTarget section */

/* Begin PBXProject section */
		F15A6B7A25C0445D00DD2558 /* Project object */ = {
			isa = PBXProject;
			attributes = {
				LastSwiftUpdateCheck = 1210;
				LastUpgradeCheck = 1210;
				TargetAttributes = {
					F15A6B8125C0445D00DD2558 = {
						CreatedOnToolsVersion = 12.1.1;
					};
					F15A6B9A25C0445E00DD2558 = {
						CreatedOnToolsVersion = 12.1.1;
						TestTargetID = F15A6B8125C0445D00DD2558;
					};
					F15A6BA525C0445E00DD2558 = {
						CreatedOnToolsVersion = 12.1.1;
						TestTargetID = F15A6B8125C0445D00DD2558;
					};
				};
			};
			buildConfigurationList = F15A6B7D25C0445D00DD2558 /* Build configuration list for PBXProject "DCHub" */;
			compatibilityVersion = "Xcode 9.3";
			developmentRegion = en;
			hasScannedForEncodings = 0;
			knownRegions = (
				en,
				Base,
			);
			mainGroup = F15A6B7925C0445D00DD2558;
			productRefGroup = F15A6B8325C0445D00DD2558 /* Products */;
			projectDirPath = "";
			projectRoot = "";
			targets = (
				F15A6B8125C0445D00DD2558 /* DCHub */,
				F15A6B9A25C0445E00DD2558 /* DCHubTests */,
				F15A6BA525C0445E00DD2558 /* DCHubUITests */,
			);
		};
/* End PBXProject section */

/* Begin PBXResourcesBuildPhase section */
		F15A6B8025C0445D00DD2558 /* Resources */ = {
			isa = PBXResourcesBuildPhase;
			buildActionMask = 2147483647;
			files = (
				F175429E25C7FC94007AB864 /* Profile.storyboard in Resources */,
				0E0EC7BD25C7328900334C73 /* Categories.storyboard in Resources */,
				F15A6B9525C0445E00DD2558 /* LaunchScreen.storyboard in Resources */,
				F15A6B9225C0445E00DD2558 /* Assets.xcassets in Resources */,
				F15A6B8D25C0445D00DD2558 /* Main.storyboard in Resources */,
				0E0EC7B525C718F600334C73 /* Home.storyboard in Resources */,
			);
			runOnlyForDeploymentPostprocessing = 0;
		};
		F15A6B9925C0445E00DD2558 /* Resources */ = {
			isa = PBXResourcesBuildPhase;
			buildActionMask = 2147483647;
			files = (
			);
			runOnlyForDeploymentPostprocessing = 0;
		};
		F15A6BA425C0445E00DD2558 /* Resources */ = {
			isa = PBXResourcesBuildPhase;
			buildActionMask = 2147483647;
			files = (
			);
			runOnlyForDeploymentPostprocessing = 0;
		};
/* End PBXResourcesBuildPhase section */

/* Begin PBXShellScriptBuildPhase section */
		00D9B63AE739800508B03050 /* [CP] Check Pods Manifest.lock */ = {
			isa = PBXShellScriptBuildPhase;
			buildActionMask = 2147483647;
			files = (
			);
			inputFileListPaths = (
			);
			inputPaths = (
				"${PODS_PODFILE_DIR_PATH}/Podfile.lock",
				"${PODS_ROOT}/Manifest.lock",
			);
			name = "[CP] Check Pods Manifest.lock";
			outputFileListPaths = (
			);
			outputPaths = (
				"$(DERIVED_FILE_DIR)/Pods-DCHub-DCHubUITests-checkManifestLockResult.txt",
			);
			runOnlyForDeploymentPostprocessing = 0;
			shellPath = /bin/sh;
			shellScript = "diff \"${PODS_PODFILE_DIR_PATH}/Podfile.lock\" \"${PODS_ROOT}/Manifest.lock\" > /dev/null\nif [ $? != 0 ] ; then\n    # print error to STDERR\n    echo \"error: The sandbox is not in sync with the Podfile.lock. Run 'pod install' or update your CocoaPods installation.\" >&2\n    exit 1\nfi\n# This output is used by Xcode 'outputs' to avoid re-running this script phase.\necho \"SUCCESS\" > \"${SCRIPT_OUTPUT_FILE_0}\"\n";
			showEnvVarsInLog = 0;
		};
		049D4518D8920DD53C7DA120 /* [CP] Embed Pods Frameworks */ = {
			isa = PBXShellScriptBuildPhase;
			buildActionMask = 2147483647;
			files = (
			);
			inputFileListPaths = (
				"${PODS_ROOT}/Target Support Files/Pods-DCHub-DCHubUITests/Pods-DCHub-DCHubUITests-frameworks-${CONFIGURATION}-input-files.xcfilelist",
			);
			name = "[CP] Embed Pods Frameworks";
			outputFileListPaths = (
				"${PODS_ROOT}/Target Support Files/Pods-DCHub-DCHubUITests/Pods-DCHub-DCHubUITests-frameworks-${CONFIGURATION}-output-files.xcfilelist",
			);
			runOnlyForDeploymentPostprocessing = 0;
			shellPath = /bin/sh;
			shellScript = "\"${PODS_ROOT}/Target Support Files/Pods-DCHub-DCHubUITests/Pods-DCHub-DCHubUITests-frameworks.sh\"\n";
			showEnvVarsInLog = 0;
		};
		872B64C6546A5EFE31E6FD11 /* [CP] Check Pods Manifest.lock */ = {
			isa = PBXShellScriptBuildPhase;
			buildActionMask = 2147483647;
			files = (
			);
			inputFileListPaths = (
			);
			inputPaths = (
				"${PODS_PODFILE_DIR_PATH}/Podfile.lock",
				"${PODS_ROOT}/Manifest.lock",
			);
			name = "[CP] Check Pods Manifest.lock";
			outputFileListPaths = (
			);
			outputPaths = (
				"$(DERIVED_FILE_DIR)/Pods-DCHubTests-checkManifestLockResult.txt",
			);
			runOnlyForDeploymentPostprocessing = 0;
			shellPath = /bin/sh;
			shellScript = "diff \"${PODS_PODFILE_DIR_PATH}/Podfile.lock\" \"${PODS_ROOT}/Manifest.lock\" > /dev/null\nif [ $? != 0 ] ; then\n    # print error to STDERR\n    echo \"error: The sandbox is not in sync with the Podfile.lock. Run 'pod install' or update your CocoaPods installation.\" >&2\n    exit 1\nfi\n# This output is used by Xcode 'outputs' to avoid re-running this script phase.\necho \"SUCCESS\" > \"${SCRIPT_OUTPUT_FILE_0}\"\n";
			showEnvVarsInLog = 0;
		};
		A9527B2F2DD48567E4ED922F /* [CP] Embed Pods Frameworks */ = {
			isa = PBXShellScriptBuildPhase;
			buildActionMask = 2147483647;
			files = (
			);
			inputFileListPaths = (
				"${PODS_ROOT}/Target Support Files/Pods-DCHub/Pods-DCHub-frameworks-${CONFIGURATION}-input-files.xcfilelist",
			);
			name = "[CP] Embed Pods Frameworks";
			outputFileListPaths = (
				"${PODS_ROOT}/Target Support Files/Pods-DCHub/Pods-DCHub-frameworks-${CONFIGURATION}-output-files.xcfilelist",
			);
			runOnlyForDeploymentPostprocessing = 0;
			shellPath = /bin/sh;
			shellScript = "\"${PODS_ROOT}/Target Support Files/Pods-DCHub/Pods-DCHub-frameworks.sh\"\n";
			showEnvVarsInLog = 0;
		};
		B9767FB9A4053371E80D09C3 /* [CP] Check Pods Manifest.lock */ = {
			isa = PBXShellScriptBuildPhase;
			buildActionMask = 2147483647;
			files = (
			);
			inputFileListPaths = (
			);
			inputPaths = (
				"${PODS_PODFILE_DIR_PATH}/Podfile.lock",
				"${PODS_ROOT}/Manifest.lock",
			);
			name = "[CP] Check Pods Manifest.lock";
			outputFileListPaths = (
			);
			outputPaths = (
				"$(DERIVED_FILE_DIR)/Pods-DCHub-checkManifestLockResult.txt",
			);
			runOnlyForDeploymentPostprocessing = 0;
			shellPath = /bin/sh;
			shellScript = "diff \"${PODS_PODFILE_DIR_PATH}/Podfile.lock\" \"${PODS_ROOT}/Manifest.lock\" > /dev/null\nif [ $? != 0 ] ; then\n    # print error to STDERR\n    echo \"error: The sandbox is not in sync with the Podfile.lock. Run 'pod install' or update your CocoaPods installation.\" >&2\n    exit 1\nfi\n# This output is used by Xcode 'outputs' to avoid re-running this script phase.\necho \"SUCCESS\" > \"${SCRIPT_OUTPUT_FILE_0}\"\n";
			showEnvVarsInLog = 0;
		};
/* End PBXShellScriptBuildPhase section */

/* Begin PBXSourcesBuildPhase section */
		F15A6B7E25C0445D00DD2558 /* Sources */ = {
			isa = PBXSourcesBuildPhase;
			buildActionMask = 2147483647;
			files = (
				F15A6B9025C0445D00DD2558 /* DCHub.xcdatamodeld in Sources */,
				F15A6B8625C0445D00DD2558 /* AppDelegate.swift in Sources */,
				F130D21D25C05BB8003246E9 /* CategoriesViewController.swift in Sources */,
				F130D22C25C05C18003246E9 /* OurPicksViewController.swift in Sources */,
				F130D22225C05BD9003246E9 /* HomePageViewController.swift in Sources */,
				F15A6B8825C0445D00DD2558 /* SceneDelegate.swift in Sources */,
				F130D23125C05C73003246E9 /* ProfileViewController.swift in Sources */,
				F130D22725C05BF5003246E9 /* LocalPicksViewController.swift in Sources */,
			);
			runOnlyForDeploymentPostprocessing = 0;
		};
		F15A6B9725C0445E00DD2558 /* Sources */ = {
			isa = PBXSourcesBuildPhase;
			buildActionMask = 2147483647;
			files = (
				F15A6BA025C0445E00DD2558 /* DCHubTests.swift in Sources */,
			);
			runOnlyForDeploymentPostprocessing = 0;
		};
		F15A6BA225C0445E00DD2558 /* Sources */ = {
			isa = PBXSourcesBuildPhase;
			buildActionMask = 2147483647;
			files = (
				F15A6BAB25C0445E00DD2558 /* DCHubUITests.swift in Sources */,
			);
			runOnlyForDeploymentPostprocessing = 0;
		};
/* End PBXSourcesBuildPhase section */

/* Begin PBXTargetDependency section */
		F15A6B9D25C0445E00DD2558 /* PBXTargetDependency */ = {
			isa = PBXTargetDependency;
			target = F15A6B8125C0445D00DD2558 /* DCHub */;
			targetProxy = F15A6B9C25C0445E00DD2558 /* PBXContainerItemProxy */;
		};
		F15A6BA825C0445E00DD2558 /* PBXTargetDependency */ = {
			isa = PBXTargetDependency;
			target = F15A6B8125C0445D00DD2558 /* DCHub */;
			targetProxy = F15A6BA725C0445E00DD2558 /* PBXContainerItemProxy */;
		};
/* End PBXTargetDependency section */

/* Begin PBXVariantGroup section */
		F15A6B8B25C0445D00DD2558 /* Main.storyboard */ = {
			isa = PBXVariantGroup;
			children = (
				F15A6B8C25C0445D00DD2558 /* Base */,
			);
			name = Main.storyboard;
			sourceTree = "<group>";
		};
		F15A6B9325C0445E00DD2558 /* LaunchScreen.storyboard */ = {
			isa = PBXVariantGroup;
			children = (
				F15A6B9425C0445E00DD2558 /* Base */,
			);
			name = LaunchScreen.storyboard;
			sourceTree = "<group>";
		};
/* End PBXVariantGroup section */

/* Begin XCBuildConfiguration section */
		F15A6BAD25C0445E00DD2558 /* Debug */ = {
			isa = XCBuildConfiguration;
			buildSettings = {
				ALWAYS_SEARCH_USER_PATHS = NO;
				CLANG_ANALYZER_NONNULL = YES;
				CLANG_ANALYZER_NUMBER_OBJECT_CONVERSION = YES_AGGRESSIVE;
				CLANG_CXX_LANGUAGE_STANDARD = "gnu++14";
				CLANG_CXX_LIBRARY = "libc++";
				CLANG_ENABLE_MODULES = YES;
				CLANG_ENABLE_OBJC_ARC = YES;
				CLANG_ENABLE_OBJC_WEAK = YES;
				CLANG_WARN_BLOCK_CAPTURE_AUTORELEASING = YES;
				CLANG_WARN_BOOL_CONVERSION = YES;
				CLANG_WARN_COMMA = YES;
				CLANG_WARN_CONSTANT_CONVERSION = YES;
				CLANG_WARN_DEPRECATED_OBJC_IMPLEMENTATIONS = YES;
				CLANG_WARN_DIRECT_OBJC_ISA_USAGE = YES_ERROR;
				CLANG_WARN_DOCUMENTATION_COMMENTS = YES;
				CLANG_WARN_EMPTY_BODY = YES;
				CLANG_WARN_ENUM_CONVERSION = YES;
				CLANG_WARN_INFINITE_RECURSION = YES;
				CLANG_WARN_INT_CONVERSION = YES;
				CLANG_WARN_NON_LITERAL_NULL_CONVERSION = YES;
				CLANG_WARN_OBJC_IMPLICIT_RETAIN_SELF = YES;
				CLANG_WARN_OBJC_LITERAL_CONVERSION = YES;
				CLANG_WARN_OBJC_ROOT_CLASS = YES_ERROR;
				CLANG_WARN_QUOTED_INCLUDE_IN_FRAMEWORK_HEADER = YES;
				CLANG_WARN_RANGE_LOOP_ANALYSIS = YES;
				CLANG_WARN_STRICT_PROTOTYPES = YES;
				CLANG_WARN_SUSPICIOUS_MOVE = YES;
				CLANG_WARN_UNGUARDED_AVAILABILITY = YES_AGGRESSIVE;
				CLANG_WARN_UNREACHABLE_CODE = YES;
				CLANG_WARN__DUPLICATE_METHOD_MATCH = YES;
				COPY_PHASE_STRIP = NO;
				DEBUG_INFORMATION_FORMAT = dwarf;
				ENABLE_STRICT_OBJC_MSGSEND = YES;
				ENABLE_TESTABILITY = YES;
				GCC_C_LANGUAGE_STANDARD = gnu11;
				GCC_DYNAMIC_NO_PIC = NO;
				GCC_NO_COMMON_BLOCKS = YES;
				GCC_OPTIMIZATION_LEVEL = 0;
				GCC_PREPROCESSOR_DEFINITIONS = (
					"DEBUG=1",
					"$(inherited)",
				);
				GCC_WARN_64_TO_32_BIT_CONVERSION = YES;
				GCC_WARN_ABOUT_RETURN_TYPE = YES_ERROR;
				GCC_WARN_UNDECLARED_SELECTOR = YES;
				GCC_WARN_UNINITIALIZED_AUTOS = YES_AGGRESSIVE;
				GCC_WARN_UNUSED_FUNCTION = YES;
				GCC_WARN_UNUSED_VARIABLE = YES;
				IPHONEOS_DEPLOYMENT_TARGET = 14.2;
				MTL_ENABLE_DEBUG_INFO = INCLUDE_SOURCE;
				MTL_FAST_MATH = YES;
				ONLY_ACTIVE_ARCH = YES;
				SDKROOT = iphoneos;
				SWIFT_ACTIVE_COMPILATION_CONDITIONS = DEBUG;
				SWIFT_OPTIMIZATION_LEVEL = "-Onone";
			};
			name = Debug;
		};
		F15A6BAE25C0445E00DD2558 /* Release */ = {
			isa = XCBuildConfiguration;
			buildSettings = {
				ALWAYS_SEARCH_USER_PATHS = NO;
				CLANG_ANALYZER_NONNULL = YES;
				CLANG_ANALYZER_NUMBER_OBJECT_CONVERSION = YES_AGGRESSIVE;
				CLANG_CXX_LANGUAGE_STANDARD = "gnu++14";
				CLANG_CXX_LIBRARY = "libc++";
				CLANG_ENABLE_MODULES = YES;
				CLANG_ENABLE_OBJC_ARC = YES;
				CLANG_ENABLE_OBJC_WEAK = YES;
				CLANG_WARN_BLOCK_CAPTURE_AUTORELEASING = YES;
				CLANG_WARN_BOOL_CONVERSION = YES;
				CLANG_WARN_COMMA = YES;
				CLANG_WARN_CONSTANT_CONVERSION = YES;
				CLANG_WARN_DEPRECATED_OBJC_IMPLEMENTATIONS = YES;
				CLANG_WARN_DIRECT_OBJC_ISA_USAGE = YES_ERROR;
				CLANG_WARN_DOCUMENTATION_COMMENTS = YES;
				CLANG_WARN_EMPTY_BODY = YES;
				CLANG_WARN_ENUM_CONVERSION = YES;
				CLANG_WARN_INFINITE_RECURSION = YES;
				CLANG_WARN_INT_CONVERSION = YES;
				CLANG_WARN_NON_LITERAL_NULL_CONVERSION = YES;
				CLANG_WARN_OBJC_IMPLICIT_RETAIN_SELF = YES;
				CLANG_WARN_OBJC_LITERAL_CONVERSION = YES;
				CLANG_WARN_OBJC_ROOT_CLASS = YES_ERROR;
				CLANG_WARN_QUOTED_INCLUDE_IN_FRAMEWORK_HEADER = YES;
				CLANG_WARN_RANGE_LOOP_ANALYSIS = YES;
				CLANG_WARN_STRICT_PROTOTYPES = YES;
				CLANG_WARN_SUSPICIOUS_MOVE = YES;
				CLANG_WARN_UNGUARDED_AVAILABILITY = YES_AGGRESSIVE;
				CLANG_WARN_UNREACHABLE_CODE = YES;
				CLANG_WARN__DUPLICATE_METHOD_MATCH = YES;
				COPY_PHASE_STRIP = NO;
				DEBUG_INFORMATION_FORMAT = "dwarf-with-dsym";
				ENABLE_NS_ASSERTIONS = NO;
				ENABLE_STRICT_OBJC_MSGSEND = YES;
				GCC_C_LANGUAGE_STANDARD = gnu11;
				GCC_NO_COMMON_BLOCKS = YES;
				GCC_WARN_64_TO_32_BIT_CONVERSION = YES;
				GCC_WARN_ABOUT_RETURN_TYPE = YES_ERROR;
				GCC_WARN_UNDECLARED_SELECTOR = YES;
				GCC_WARN_UNINITIALIZED_AUTOS = YES_AGGRESSIVE;
				GCC_WARN_UNUSED_FUNCTION = YES;
				GCC_WARN_UNUSED_VARIABLE = YES;
				IPHONEOS_DEPLOYMENT_TARGET = 14.2;
				MTL_ENABLE_DEBUG_INFO = NO;
				MTL_FAST_MATH = YES;
				SDKROOT = iphoneos;
				SWIFT_COMPILATION_MODE = wholemodule;
				SWIFT_OPTIMIZATION_LEVEL = "-O";
				VALIDATE_PRODUCT = YES;
			};
			name = Release;
		};
		F15A6BB025C0445E00DD2558 /* Debug */ = {
			isa = XCBuildConfiguration;
			baseConfigurationReference = 3C9DFB0C6A80CD9B4E77BC8D /* Pods-DCHub.debug.xcconfig */;
			buildSettings = {
				ASSETCATALOG_COMPILER_APPICON_NAME = AppIcon;
				ASSETCATALOG_COMPILER_GLOBAL_ACCENT_COLOR_NAME = AccentColor;
				CODE_SIGN_STYLE = Automatic;
				INFOPLIST_FILE = DCHub/Info.plist;
				LD_RUNPATH_SEARCH_PATHS = (
					"$(inherited)",
					"@executable_path/Frameworks",
				);
				PRODUCT_BUNDLE_IDENTIFIER = derick.DCHub;
				PRODUCT_NAME = "$(TARGET_NAME)";
				SWIFT_VERSION = 5.0;
				TARGETED_DEVICE_FAMILY = "1,2";
			};
			name = Debug;
		};
		F15A6BB125C0445E00DD2558 /* Release */ = {
			isa = XCBuildConfiguration;
			baseConfigurationReference = DA3CD621FBE838B25CE038B3 /* Pods-DCHub.release.xcconfig */;
			buildSettings = {
				ASSETCATALOG_COMPILER_APPICON_NAME = AppIcon;
				ASSETCATALOG_COMPILER_GLOBAL_ACCENT_COLOR_NAME = AccentColor;
				CODE_SIGN_STYLE = Automatic;
				INFOPLIST_FILE = DCHub/Info.plist;
				LD_RUNPATH_SEARCH_PATHS = (
					"$(inherited)",
					"@executable_path/Frameworks",
				);
				PRODUCT_BUNDLE_IDENTIFIER = derick.DCHub;
				PRODUCT_NAME = "$(TARGET_NAME)";
				SWIFT_VERSION = 5.0;
				TARGETED_DEVICE_FAMILY = "1,2";
			};
			name = Release;
		};
		F15A6BB325C0445E00DD2558 /* Debug */ = {
			isa = XCBuildConfiguration;
			baseConfigurationReference = 028C1AECB1CCCAF6772C9A72 /* Pods-DCHubTests.debug.xcconfig */;
			buildSettings = {
				ALWAYS_EMBED_SWIFT_STANDARD_LIBRARIES = YES;
				BUNDLE_LOADER = "$(TEST_HOST)";
				CODE_SIGN_STYLE = Automatic;
				INFOPLIST_FILE = DCHubTests/Info.plist;
				IPHONEOS_DEPLOYMENT_TARGET = 14.2;
				LD_RUNPATH_SEARCH_PATHS = (
					"$(inherited)",
					"@executable_path/Frameworks",
					"@loader_path/Frameworks",
				);
				PRODUCT_BUNDLE_IDENTIFIER = derick.DCHubTests;
				PRODUCT_NAME = "$(TARGET_NAME)";
				SWIFT_VERSION = 5.0;
				TARGETED_DEVICE_FAMILY = "1,2";
				TEST_HOST = "$(BUILT_PRODUCTS_DIR)/DCHub.app/DCHub";
			};
			name = Debug;
		};
		F15A6BB425C0445E00DD2558 /* Release */ = {
			isa = XCBuildConfiguration;
			baseConfigurationReference = 18A46F945D6B95F5B3336C69 /* Pods-DCHubTests.release.xcconfig */;
			buildSettings = {
				ALWAYS_EMBED_SWIFT_STANDARD_LIBRARIES = YES;
				BUNDLE_LOADER = "$(TEST_HOST)";
				CODE_SIGN_STYLE = Automatic;
				INFOPLIST_FILE = DCHubTests/Info.plist;
				IPHONEOS_DEPLOYMENT_TARGET = 14.2;
				LD_RUNPATH_SEARCH_PATHS = (
					"$(inherited)",
					"@executable_path/Frameworks",
					"@loader_path/Frameworks",
				);
				PRODUCT_BUNDLE_IDENTIFIER = derick.DCHubTests;
				PRODUCT_NAME = "$(TARGET_NAME)";
				SWIFT_VERSION = 5.0;
				TARGETED_DEVICE_FAMILY = "1,2";
				TEST_HOST = "$(BUILT_PRODUCTS_DIR)/DCHub.app/DCHub";
			};
			name = Release;
		};
		F15A6BB625C0445E00DD2558 /* Debug */ = {
			isa = XCBuildConfiguration;
			baseConfigurationReference = 4FAA31432B2635B8C84D41F9 /* Pods-DCHub-DCHubUITests.debug.xcconfig */;
			buildSettings = {
				ALWAYS_EMBED_SWIFT_STANDARD_LIBRARIES = YES;
				CODE_SIGN_STYLE = Automatic;
				INFOPLIST_FILE = DCHubUITests/Info.plist;
				LD_RUNPATH_SEARCH_PATHS = (
					"$(inherited)",
					"@executable_path/Frameworks",
					"@loader_path/Frameworks",
				);
				PRODUCT_BUNDLE_IDENTIFIER = derick.DCHubUITests;
				PRODUCT_NAME = "$(TARGET_NAME)";
				SWIFT_VERSION = 5.0;
				TARGETED_DEVICE_FAMILY = "1,2";
				TEST_TARGET_NAME = DCHub;
			};
			name = Debug;
		};
		F15A6BB725C0445E00DD2558 /* Release */ = {
			isa = XCBuildConfiguration;
			baseConfigurationReference = 972DC6AF114F3D23D9B2E884 /* Pods-DCHub-DCHubUITests.release.xcconfig */;
			buildSettings = {
				ALWAYS_EMBED_SWIFT_STANDARD_LIBRARIES = YES;
				CODE_SIGN_STYLE = Automatic;
				INFOPLIST_FILE = DCHubUITests/Info.plist;
				LD_RUNPATH_SEARCH_PATHS = (
					"$(inherited)",
					"@executable_path/Frameworks",
					"@loader_path/Frameworks",
				);
				PRODUCT_BUNDLE_IDENTIFIER = derick.DCHubUITests;
				PRODUCT_NAME = "$(TARGET_NAME)";
				SWIFT_VERSION = 5.0;
				TARGETED_DEVICE_FAMILY = "1,2";
				TEST_TARGET_NAME = DCHub;
			};
			name = Release;
		};
/* End XCBuildConfiguration section */

/* Begin XCConfigurationList section */
		F15A6B7D25C0445D00DD2558 /* Build configuration list for PBXProject "DCHub" */ = {
			isa = XCConfigurationList;
			buildConfigurations = (
				F15A6BAD25C0445E00DD2558 /* Debug */,
				F15A6BAE25C0445E00DD2558 /* Release */,
			);
			defaultConfigurationIsVisible = 0;
			defaultConfigurationName = Release;
		};
		F15A6BAF25C0445E00DD2558 /* Build configuration list for PBXNativeTarget "DCHub" */ = {
			isa = XCConfigurationList;
			buildConfigurations = (
				F15A6BB025C0445E00DD2558 /* Debug */,
				F15A6BB125C0445E00DD2558 /* Release */,
			);
			defaultConfigurationIsVisible = 0;
			defaultConfigurationName = Release;
		};
		F15A6BB225C0445E00DD2558 /* Build configuration list for PBXNativeTarget "DCHubTests" */ = {
			isa = XCConfigurationList;
			buildConfigurations = (
				F15A6BB325C0445E00DD2558 /* Debug */,
				F15A6BB425C0445E00DD2558 /* Release */,
			);
			defaultConfigurationIsVisible = 0;
			defaultConfigurationName = Release;
		};
		F15A6BB525C0445E00DD2558 /* Build configuration list for PBXNativeTarget "DCHubUITests" */ = {
			isa = XCConfigurationList;
			buildConfigurations = (
				F15A6BB625C0445E00DD2558 /* Debug */,
				F15A6BB725C0445E00DD2558 /* Release */,
			);
			defaultConfigurationIsVisible = 0;
			defaultConfigurationName = Release;
		};
/* End XCConfigurationList section */

/* Begin XCVersionGroup section */
		F15A6B8E25C0445D00DD2558 /* DCHub.xcdatamodeld */ = {
			isa = XCVersionGroup;
			children = (
				F15A6B8F25C0445D00DD2558 /* DCHub.xcdatamodel */,
			);
			currentVersion = F15A6B8F25C0445D00DD2558 /* DCHub.xcdatamodel */;
			path = DCHub.xcdatamodeld;
			sourceTree = "<group>";
			versionGroupType = wrapper.xcdatamodel;
		};
/* End XCVersionGroup section */
	};
	rootObject = F15A6B7A25C0445D00DD2558 /* Project object */;
}
